
Microsoft Visual Studio Solution File, Format Version 12.00
# Visual Studio Version 17
VisualStudioVersion = 17.11.35312.102
MinimumVisualStudioVersion = 10.0.40219.1
Project("{FAE04EC0-301F-11D3-BF4B-00C04F79EFBC}") = "KfarGalimusApp", "KfarGalimusApp\KfarGalimusApp.csproj", "{5317BD90-B18F-40AC-BB89-A0C58634D67A}"
EndProject
Global
	GlobalSection(SolutionConfigurationPlatforms) = preSolution
		Debug|Any CPU = Debug|Any CPU
		Release|Any CPU = Release|Any CPU
	EndGlobalSection
	GlobalSection(ProjectConfigurationPlatforms) = postSolution
		{5317BD90-B18F-40AC-BB89-A0C58634D67A}.Debug|Any CPU.ActiveCfg = Debug|Any CPU
		{5317BD90-B18F-40AC-BB89-A0C58634D67A}.Debug|Any CPU.Build.0 = Debug|Any CPU
		{5317BD90-B18F-40AC-BB89-A0C58634D67A}.Debug|Any CPU.Deploy.0 = Debug|Any CPU
		{5317BD90-B18F-40AC-BB89-A0C58634D67A}.Release|Any CPU.ActiveCfg = Release|Any CPU
		{5317BD90-B18F-40AC-BB89-A0C58634D67A}.Release|Any CPU.Build.0 = Release|Any CPU
		{5317BD90-B18F-40AC-BB89-A0C58634D67A}.Release|Any CPU.Deploy.0 = Release|Any CPU
	EndGlobalSection
	GlobalSection(SolutionProperties) = preSolution
		HideSolutionNode = FALSE
	EndGlobalSection
	GlobalSection(ExtensibilityGlobals) = postSolution
		SolutionGuid = {E4CF03E4-9EE9-45CC-98E6-C72D377E7424}
	EndGlobalSection
EndGlobal
